// !$*UTF8*$!
{
	archiveVersion = 1;
	classes = {
	};
	objectVersion = 46;
	objects = {

/* Begin PBXBuildFile section */
		623832AB1BDFDCB800615520 /* AppDelegate.swift in Sources */ = {isa = PBXBuildFile; fileRef = 623832AA1BDFDCB800615520 /* AppDelegate.swift */; };
		623832AD1BDFDCB800615520 /* ViewController.swift in Sources */ = {isa = PBXBuildFile; fileRef = 623832AC1BDFDCB800615520 /* ViewController.swift */; };
		623832B01BDFDCB800615520 /* Main.storyboard in Resources */ = {isa = PBXBuildFile; fileRef = 623832AE1BDFDCB800615520 /* Main.storyboard */; };
		623832B21BDFDCB800615520 /* Assets.xcassets in Resources */ = {isa = PBXBuildFile; fileRef = 623832B11BDFDCB800615520 /* Assets.xcassets */; };
		623832B51BDFDCB800615520 /* LaunchScreen.storyboard in Resources */ = {isa = PBXBuildFile; fileRef = 623832B31BDFDCB800615520 /* LaunchScreen.storyboard */; };
		623832C01BDFDCB800615520 /* WeatherTests.swift in Sources */ = {isa = PBXBuildFile; fileRef = 623832BF1BDFDCB800615520 /* WeatherTests.swift */; };
/* End PBXBuildFile section */

/* Begin PBXContainerItemProxy section */
		623832BC1BDFDCB800615520 /* PBXContainerItemProxy */ = {
			isa = PBXContainerItemProxy;
			containerPortal = 6238329F1BDFDCB800615520 /* Project object */;
			proxyType = 1;
			remoteGlobalIDString = 623832A61BDFDCB800615520;
			remoteInfo = Weather;
		};
/* End PBXContainerItemProxy section */

/* Begin PBXFileReference section */
		623832A71BDFDCB800615520 /* Weather.app */ = {isa = PBXFileReference; explicitFileType = wrapper.application; includeInIndex = 0; path = Weather.app; sourceTree = BUILT_PRODUCTS_DIR; };
		623832AA1BDFDCB800615520 /* AppDelegate.swift */ = {isa = PBXFileReference; lastKnownFileType = sourcecode.swift; path = AppDelegate.swift; sourceTree = "<group>"; };
		623832AC1BDFDCB800615520 /* ViewController.swift */ = {isa = PBXFileReference; lastKnownFileType = sourcecode.swift; path = ViewController.swift; sourceTree = "<group>"; };
		623832AF1BDFDCB800615520 /* Base */ = {isa = PBXFileReference; lastKnownFileType = file.storyboard; name = Base; path = Base.lproj/Main.storyboard; sourceTree = "<group>"; };
		623832B11BDFDCB800615520 /* Assets.xcassets */ = {isa = PBXFileReference; lastKnownFileType = folder.assetcatalog; path = Assets.xcassets; sourceTree = "<group>"; };
		623832B41BDFDCB800615520 /* Base */ = {isa = PBXFileReference; lastKnownFileType = file.storyboard; name = Base; path = Base.lproj/LaunchScreen.storyboard; sourceTree = "<group>"; };
		623832B61BDFDCB800615520 /* Info.plist */ = {isa = PBXFileReference; lastKnownFileType = text.plist.xml; path = Info.plist; sourceTree = "<group>"; };
		623832BB1BDFDCB800615520 /* WeatherTests.xctest */ = {isa = PBXFileReference; explicitFileType = wrapper.cfbundle; includeInIndex = 0; path = WeatherTests.xctest; sourceTree = BUILT_PRODUCTS_DIR; };
		623832BF1BDFDCB800615520 /* WeatherTests.swift */ = {isa = PBXFileReference; lastKnownFileType = sourcecode.swift; path = WeatherTests.swift; sourceTree = "<group>"; };
		623832C11BDFDCB800615520 /* Info.plist */ = {isa = PBXFileReference; lastKnownFileType = text.plist.xml; path = Info.plist; sourceTree = "<group>"; };
/* End PBXFileReference section */

/* Begin PBXFrameworksBuildPhase section */
		623832A41BDFDCB800615520 /* Frameworks */ = {
			isa = PBXFrameworksBuildPhase;
			buildActionMask = 2147483647;
			files = (
			);
			runOnlyForDeploymentPostprocessing = 0;
		};
		623832B81BDFDCB800615520 /* Frameworks */ = {
			isa = PBXFrameworksBuildPhase;
			buildActionMask = 2147483647;
			files = (
			);
			runOnlyForDeploymentPostprocessing = 0;
		};
/* End PBXFrameworksBuildPhase section */

/* Begin PBXGroup section */
		6238329E1BDFDCB800615520 = {
			isa = PBXGroup;
			children = (
				623832A91BDFDCB800615520 /* Weather */,
				623832BE1BDFDCB800615520 /* WeatherTests */,
				623832A81BDFDCB800615520 /* Products */,
			);
			sourceTree = "<group>";
		};
		623832A81BDFDCB800615520 /* Products */ = {
			isa = PBXGroup;
			children = (
				623832A71BDFDCB800615520 /* Weather.app */,
				623832BB1BDFDCB800615520 /* WeatherTests.xctest */,
			);
			name = Products;
			sourceTree = "<group>";
		};
		623832A91BDFDCB800615520 /* Weather */ = {
			isa = PBXGroup;
			children = (
				623832AA1BDFDCB800615520 /* AppDelegate.swift */,
				623832AC1BDFDCB800615520 /* ViewController.swift */,
				623832AE1BDFDCB800615520 /* Main.storyboard */,
				623832B11BDFDCB800615520 /* Assets.xcassets */,
				623832B31BDFDCB800615520 /* LaunchScreen.storyboard */,
				623832B61BDFDCB800615520 /* Info.plist */,
			);
			path = Weather;
			sourceTree = "<group>";
		};
		623832BE1BDFDCB800615520 /* WeatherTests */ = {
			isa = PBXGroup;
			children = (
				623832BF1BDFDCB800615520 /* WeatherTests.swift */,
				623832C11BDFDCB800615520 /* Info.plist */,
			);
			path = WeatherTests;
			sourceTree = "<group>";
		};
/* End PBXGroup section */

/* Begin PBXNativeTarget section */
		623832A61BDFDCB800615520 /* Weather */ = {
			isa = PBXNativeTarget;
			buildConfigurationList = 623832C41BDFDCB800615520 /* Build configuration list for PBXNativeTarget "Weather" */;
			buildPhases = (
				623832A31BDFDCB800615520 /* Sources */,
				623832A41BDFDCB800615520 /* Frameworks */,
				623832A51BDFDCB800615520 /* Resources */,
			);
			buildRules = (
			);
			dependencies = (
			);
			name = Weather;
			productName = Weather;
			productReference = 623832A71BDFDCB800615520 /* Weather.app */;
			productType = "com.apple.product-type.application";
		};
		623832BA1BDFDCB800615520 /* WeatherTests */ = {
			isa = PBXNativeTarget;
			buildConfigurationList = 623832C71BDFDCB800615520 /* Build configuration list for PBXNativeTarget "WeatherTests" */;
			buildPhases = (
				623832B71BDFDCB800615520 /* Sources */,
				623832B81BDFDCB800615520 /* Frameworks */,
				623832B91BDFDCB800615520 /* Resources */,
			);
			buildRules = (
			);
			dependencies = (
				623832BD1BDFDCB800615520 /* PBXTargetDependency */,
			);
			name = WeatherTests;
			productName = WeatherTests;
			productReference = 623832BB1BDFDCB800615520 /* WeatherTests.xctest */;
			productType = "com.apple.product-type.bundle.unit-test";
		};
/* End PBXNativeTarget section */

/* Begin PBXProject section */
		6238329F1BDFDCB800615520 /* Project object */ = {
			isa = PBXProject;
			attributes = {
				LastUpgradeCheck = 0700;
				ORGANIZATIONNAME = "Kelly Hutchison";
				TargetAttributes = {
					623832A61BDFDCB800615520 = {
						CreatedOnToolsVersion = 7.0;
					};
					623832BA1BDFDCB800615520 = {
						CreatedOnToolsVersion = 7.0;
						TestTargetID = 623832A61BDFDCB800615520;
					};
				};
			};
			buildConfigurationList = 623832A21BDFDCB800615520 /* Build configuration list for PBXProject "Weather" */;
			compatibilityVersion = "Xcode 3.2";
			developmentRegion = English;
			hasScannedForEncodings = 0;
			knownRegions = (
				en,
				Base,
			);
			mainGroup = 6238329E1BDFDCB800615520;
			productRefGroup = 623832A81BDFDCB800615520 /* Products */;
			projectDirPath = "";
			projectRoot = "";
			targets = (
				623832A61BDFDCB800615520 /* Weather */,
				623832BA1BDFDCB800615520 /* WeatherTests */,
			);
		};
/* End PBXProject section */

/* Begin PBXResourcesBuildPhase section */
		623832A51BDFDCB800615520 /* Resources */ = {
			isa = PBXResourcesBuildPhase;
			buildActionMask = 2147483647;
			files = (
				623832B51BDFDCB800615520 /* LaunchScreen.storyboard in Resources */,
				623832B21BDFDCB800615520 /* Assets.xcassets in Resources */,
				623832B01BDFDCB800615520 /* Main.storyboard in Resources */,
			);
			runOnlyForDeploymentPostprocessing = 0;
		};
		623832B91BDFDCB800615520 /* Resources */ = {
			isa = PBXResourcesBuildPhase;
			buildActionMask = 2147483647;
			files = (
			);
			runOnlyForDeploymentPostprocessing = 0;
		};
/* End PBXResourcesBuildPhase section */

/* Begin PBXSourcesBuildPhase section */
		623832A31BDFDCB800615520 /* Sources */ = {
			isa = PBXSourcesBuildPhase;
			buildActionMask = 2147483647;
			files = (
				623832AD1BDFDCB800615520 /* ViewController.swift in Sources */,
				623832AB1BDFDCB800615520 /* AppDelegate.swift in Sources */,
			);
			runOnlyForDeploymentPostprocessing = 0;
		};
		623832B71BDFDCB800615520 /* Sources */ = {
			isa = PBXSourcesBuildPhase;
			buildActionMask = 2147483647;
			files = (
				623832C01BDFDCB800615520 /* WeatherTests.swift in Sources */,
			);
			runOnlyForDeploymentPostprocessing = 0;
		};
/* End PBXSourcesBuildPhase section */

/* Begin PBXTargetDependency section */
		623832BD1BDFDCB800615520 /* PBXTargetDependency */ = {
			isa = PBXTargetDependency;
			target = 623832A61BDFDCB800615520 /* Weather */;
			targetProxy = 623832BC1BDFDCB800615520 /* PBXContainerItemProxy */;
		};
/* End PBXTargetDependency section */

/* Begin PBXVariantGroup section */
		623832AE1BDFDCB800615520 /* Main.storyboard */ = {
			isa = PBXVariantGroup;
			children = (
				623832AF1BDFDCB800615520 /* Base */,
			);
			name = Main.storyboard;
			sourceTree = "<group>";
		};
		623832B31BDFDCB800615520 /* LaunchScreen.storyboard */ = {
			isa = PBXVariantGroup;
			children = (
				623832B41BDFDCB800615520 /* Base */,
			);
			name = LaunchScreen.storyboard;
			sourceTree = "<group>";
		};
/* End PBXVariantGroup section */

/* Begin XCBuildConfiguration section */
		623832C21BDFDCB800615520 /* Debug */ = {
			isa = XCBuildConfiguration;
			buildSettings = {
				ALWAYS_SEARCH_USER_PATHS = NO;
				CLANG_CXX_LANGUAGE_STANDARD = "gnu++0x";
				CLANG_CXX_LIBRARY = "libc++";
				CLANG_ENABLE_MODULES = YES;
				CLANG_ENABLE_OBJC_ARC = YES;
				CLANG_WARN_BOOL_CONVERSION = YES;
				CLANG_WARN_CONSTANT_CONVERSION = YES;
				CLANG_WARN_DIRECT_OBJC_ISA_USAGE = YES_ERROR;
				CLANG_WARN_EMPTY_BODY = YES;
				CLANG_WARN_ENUM_CONVERSION = YES;
				CLANG_WARN_INT_CONVERSION = YES;
				CLANG_WARN_OBJC_ROOT_CLASS = YES_ERROR;
				CLANG_WARN_UNREACHABLE_CODE = YES;
				CLANG_WARN__DUPLICATE_METHOD_MATCH = YES;
				"CODE_SIGN_IDENTITY[sdk=iphoneos*]" = "iPhone Developer";
				COPY_PHASE_STRIP = NO;
				DEBUG_INFORMATION_FORMAT = dwarf;
				ENABLE_STRICT_OBJC_MSGSEND = YES;
				ENABLE_TESTABILITY = YES;
				GCC_C_LANGUAGE_STANDARD = gnu99;
				GCC_DYNAMIC_NO_PIC = NO;
				GCC_NO_COMMON_BLOCKS = YES;
				GCC_OPTIMIZATION_LEVEL = 0;
				GCC_PREPROCESSOR_DEFINITIONS = (
					"DEBUG=1",
					"$(inherited)",
				);
				GCC_WARN_64_TO_32_BIT_CONVERSION = YES;
				GCC_WARN_ABOUT_RETURN_TYPE = YES_ERROR;
				GCC_WARN_UNDECLARED_SELECTOR = YES;
				GCC_WARN_UNINITIALIZED_AUTOS = YES_AGGRESSIVE;
				GCC_WARN_UNUSED_FUNCTION = YES;
				GCC_WARN_UNUSED_VARIABLE = YES;
				IPHONEOS_DEPLOYMENT_TARGET = 9.0;
				MTL_ENABLE_DEBUG_INFO = YES;
				ONLY_ACTIVE_ARCH = YES;
				SDKROOT = iphoneos;
				SWIFT_OPTIMIZATION_LEVEL = "-Onone";
				TARGETED_DEVICE_FAMILY = "1,2";
			};
			name = Debug;
		};
		623832C31BDFDCB800615520 /* Release */ = {
			isa = XCBuildConfiguration;
			buildSettings = {
				ALWAYS_SEARCH_USER_PATHS = NO;
				CLANG_CXX_LANGUAGE_STANDARD = "gnu++0x";
				CLANG_CXX_LIBRARY = "libc++";
				CLANG_ENABLE_MODULES = YES;
				CLANG_ENABLE_OBJC_ARC = YES;
				CLANG_WARN_BOOL_CONVERSION = YES;
				CLANG_WARN_CONSTANT_CONVERSION = YES;
				CLANG_WARN_DIRECT_OBJC_ISA_USAGE = YES_ERROR;
				CLANG_WARN_EMPTY_BODY = YES;
				CLANG_WARN_ENUM_CONVERSION = YES;
				CLANG_WARN_INT_CONVERSION = YES;
				CLANG_WARN_OBJC_ROOT_CLASS = YES_ERROR;
				CLANG_WARN_UNREACHABLE_CODE = YES;
				CLANG_WARN__DUPLICATE_METHOD_MATCH = YES;
				"CODE_SIGN_IDENTITY[sdk=iphoneos*]" = "iPhone Developer";
				COPY_PHASE_STRIP = NO;
				DEBUG_INFORMATION_FORMAT = "dwarf-with-dsym";
				ENABLE_NS_ASSERTIONS = NO;
				ENABLE_STRICT_OBJC_MSGSEND = YES;
				GCC_C_LANGUAGE_STANDARD = gnu99;
				GCC_NO_COMMON_BLOCKS = YES;
				GCC_WARN_64_TO_32_BIT_CONVERSION = YES;
				GCC_WARN_ABOUT_RETURN_TYPE = YES_ERROR;
				GCC_WARN_UNDECLARED_SELECTOR = YES;
				GCC_WARN_UNINITIALIZED_AUTOS = YES_AGGRESSIVE;
				GCC_WARN_UNUSED_FUNCTION = YES;
				GCC_WARN_UNUSED_VARIABLE = YES;
				IPHONEOS_DEPLOYMENT_TARGET = 9.0;
				MTL_ENABLE_DEBUG_INFO = NO;
				SDKROOT = iphoneos;
				TARGETED_DEVICE_FAMILY = "1,2";
				VALIDATE_PRODUCT = YES;
			};
			name = Release;
		};
		623832C51BDFDCB800615520 /* Debug */ = {
			isa = XCBuildConfiguration;
			buildSettings = {
				ASSETCATALOG_COMPILER_APPICON_NAME = AppIcon;
				INFOPLIST_FILE = Weather/Info.plist;
				LD_RUNPATH_SEARCH_PATHS = "$(inherited) @executable_path/Frameworks";
				PRODUCT_BUNDLE_IDENTIFIER = edu.psu.cse.kmh5754.Weather;
				PRODUCT_NAME = "$(TARGET_NAME)";
			};
			name = Debug;
		};
		623832C61BDFDCB800615520 /* Release */ = {
			isa = XCBuildConfiguration;
			buildSettings = {
				ASSETCATALOG_COMPILER_APPICON_NAME = AppIcon;
				INFOPLIST_FILE = Weather/Info.plist;
				LD_RUNPATH_SEARCH_PATHS = "$(inherited) @executable_path/Frameworks";
				PRODUCT_BUNDLE_IDENTIFIER = edu.psu.cse.kmh5754.Weather;
				PRODUCT_NAME = "$(TARGET_NAME)";
			};
			name = Release;
		};
		623832C81BDFDCB800615520 /* Debug */ = {
			isa = XCBuildConfiguration;
			buildSettings = {
				BUNDLE_LOADER = "$(TEST_HOST)";
				INFOPLIST_FILE = WeatherTests/Info.plist;
				LD_RUNPATH_SEARCH_PATHS = "$(inherited) @executable_path/Frameworks @loader_path/Frameworks";
				PRODUCT_BUNDLE_IDENTIFIER = edu.psu.cse.kmh5754.WeatherTests;
				PRODUCT_NAME = "$(TARGET_NAME)";
				TEST_HOST = "$(BUILT_PRODUCTS_DIR)/Weather.app/Weather";
			};
			name = Debug;
		};
		623832C91BDFDCB800615520 /* Release */ = {
			isa = XCBuildConfiguration;
			buildSettings = {
				BUNDLE_LOADER = "$(TEST_HOST)";
				INFOPLIST_FILE = WeatherTests/Info.plist;
				LD_RUNPATH_SEARCH_PATHS = "$(inherited) @executable_path/Frameworks @loader_path/Frameworks";
				PRODUCT_BUNDLE_IDENTIFIER = edu.psu.cse.kmh5754.WeatherTests;
				PRODUCT_NAME = "$(TARGET_NAME)";
				TEST_HOST = "$(BUILT_PRODUCTS_DIR)/Weather.app/Weather";
			};
			name = Release;
		};
/* End XCBuildConfiguration section */

/* Begin XCConfigurationList section */
		623832A21BDFDCB800615520 /* Build configuration list for PBXProject "Weather" */ = {
			isa = XCConfigurationList;
			buildConfigurations = (
				623832C21BDFDCB800615520 /* Debug */,
				623832C31BDFDCB800615520 /* Release */,
			);
			defaultConfigurationIsVisible = 0;
			defaultConfigurationName = Release;
		};
		623832C41BDFDCB800615520 /* Build configuration list for PBXNativeTarget "Weather" */ = {
			isa = XCConfigurationList;
			buildConfigurations = (
				623832C51BDFDCB800615520 /* Debug */,
				623832C61BDFDCB800615520 /* Release */,
			);
			defaultConfigurationIsVisible = 0;
		};
		623832C71BDFDCB800615520 /* Build configuration list for PBXNativeTarget "WeatherTests" */ = {
			isa = XCConfigurationList;
			buildConfigurations = (
				623832C81BDFDCB800615520 /* Debug */,
				623832C91BDFDCB800615520 /* Release */,
			);
			defaultConfigurationIsVisible = 0;
		};
/* End XCConfigurationList section */
	};
	rootObject = 6238329F1BDFDCB800615520 /* Project object */;
}
