// !$*UTF8*$!
{
	archiveVersion = 1;
	classes = {
	};
	objectVersion = 46;
	objects = {

/* Begin PBXBuildFile section */
		623832AB1BDFDCB800615520 /* AppDelegate.swift in Sources */ = {isa = PBXBuildFile; fileRef = 623832AA1BDFDCB800615520 /* AppDelegate.swift */; };
		623832AD1BDFDCB800615520 /* WeatherViewController.swift in Sources */ = {isa = PBXBuildFile; fileRef = 623832AC1BDFDCB800615520 /* WeatherViewController.swift */; };
		623832B01BDFDCB800615520 /* Main.storyboard in Resources */ = {isa = PBXBuildFile; fileRef = 623832AE1BDFDCB800615520 /* Main.storyboard */; };
		623832B21BDFDCB800615520 /* Assets.xcassets in Resources */ = {isa = PBXBuildFile; fileRef = 623832B11BDFDCB800615520 /* Assets.xcassets */; };
		623832B51BDFDCB800615520 /* LaunchScreen.storyboard in Resources */ = {isa = PBXBuildFile; fileRef = 623832B31BDFDCB800615520 /* LaunchScreen.storyboard */; };
		623832C01BDFDCB800615520 /* WeatherTests.swift in Sources */ = {isa = PBXBuildFile; fileRef = 623832BF1BDFDCB800615520 /* WeatherTests.swift */; };
		623832CB1BDFE42800615520 /* Model.swift in Sources */ = {isa = PBXBuildFile; fileRef = 623832CA1BDFE42800615520 /* Model.swift */; };
		623832D01BDFE65400615520 /* City.swift in Sources */ = {isa = PBXBuildFile; fileRef = 623832CF1BDFE65400615520 /* City.swift */; };
		623832D61BDFEABF00615520 /* CityTableViewController.swift in Sources */ = {isa = PBXBuildFile; fileRef = 623832D51BDFEABF00615520 /* CityTableViewController.swift */; };
		623832D81BDFEAEB00615520 /* CityTableViewCell.swift in Sources */ = {isa = PBXBuildFile; fileRef = 623832D71BDFEAEB00615520 /* CityTableViewCell.swift */; };
		623832DA1BDFF2AB00615520 /* LocationManagerSingleton.swift in Sources */ = {isa = PBXBuildFile; fileRef = 623832D91BDFF2AB00615520 /* LocationManagerSingleton.swift */; };
		6260CC8B1BE328A300A3030E /* weatherTracker.jpg in Resources */ = {isa = PBXBuildFile; fileRef = 6260CC8A1BE328A300A3030E /* weatherTracker.jpg */; };
		6260CC8D1BE32AA800A3030E /* weatherTrackerCopyright.jpg in Resources */ = {isa = PBXBuildFile; fileRef = 6260CC8C1BE32AA800A3030E /* weatherTrackerCopyright.jpg */; };
		6260CC981BE3326A00A3030E /* Default-568h@2x.png in Resources */ = {isa = PBXBuildFile; fileRef = 6260CC8F1BE3326A00A3030E /* Default-568h@2x.png */; };
		6260CC991BE3326A00A3030E /* Default-667h@2x.png in Resources */ = {isa = PBXBuildFile; fileRef = 6260CC901BE3326A00A3030E /* Default-667h@2x.png */; };
		6260CC9A1BE3326A00A3030E /* Default-Landscape-736h@3x.png in Resources */ = {isa = PBXBuildFile; fileRef = 6260CC911BE3326A00A3030E /* Default-Landscape-736h@3x.png */; };
		6260CC9B1BE3326A00A3030E /* Default-Landscape.png in Resources */ = {isa = PBXBuildFile; fileRef = 6260CC921BE3326A00A3030E /* Default-Landscape.png */; };
		6260CC9C1BE3326A00A3030E /* Default-Landscape@2x.png in Resources */ = {isa = PBXBuildFile; fileRef = 6260CC931BE3326A00A3030E /* Default-Landscape@2x.png */; };
		6260CC9D1BE3326A00A3030E /* Default-Portrait-736h@3x.png in Resources */ = {isa = PBXBuildFile; fileRef = 6260CC941BE3326A00A3030E /* Default-Portrait-736h@3x.png */; };
		6260CC9E1BE3326A00A3030E /* Default-Portrait.png in Resources */ = {isa = PBXBuildFile; fileRef = 6260CC951BE3326A00A3030E /* Default-Portrait.png */; };
		6260CC9F1BE3326A00A3030E /* Default-Portrait@2x.png in Resources */ = {isa = PBXBuildFile; fileRef = 6260CC961BE3326A00A3030E /* Default-Portrait@2x.png */; };
		6260CCA01BE3326A00A3030E /* Default@2x.png in Resources */ = {isa = PBXBuildFile; fileRef = 6260CC971BE3326A00A3030E /* Default@2x.png */; };
		6277017F1BE2FF9F009F84D3 /* clouds.jpg in Resources */ = {isa = PBXBuildFile; fileRef = 6277017E1BE2FF9F009F84D3 /* clouds.jpg */; };
		629008101BE07CE4002208D0 /* OpenWeatherMap.swift in Sources */ = {isa = PBXBuildFile; fileRef = 6290080F1BE07CE4002208D0 /* OpenWeatherMap.swift */; };
		62D678981BE1701E003AE3FE /* StringExtension.swift in Sources */ = {isa = PBXBuildFile; fileRef = 62D678971BE1701E003AE3FE /* StringExtension.swift */; };
		62D6789E1BE2A0FA003AE3FE /* SearchCities.swift in Sources */ = {isa = PBXBuildFile; fileRef = 62D6789D1BE2A0FA003AE3FE /* SearchCities.swift */; };
		62D678B11BE2C5C1003AE3FE /* 01d.png in Resources */ = {isa = PBXBuildFile; fileRef = 62D6789F1BE2C5C1003AE3FE /* 01d.png */; };
		62D678B21BE2C5C1003AE3FE /* 01n.png in Resources */ = {isa = PBXBuildFile; fileRef = 62D678A01BE2C5C1003AE3FE /* 01n.png */; };
		62D678B31BE2C5C1003AE3FE /* 02d.png in Resources */ = {isa = PBXBuildFile; fileRef = 62D678A11BE2C5C1003AE3FE /* 02d.png */; };
		62D678B41BE2C5C1003AE3FE /* 02n.png in Resources */ = {isa = PBXBuildFile; fileRef = 62D678A21BE2C5C1003AE3FE /* 02n.png */; };
		62D678B51BE2C5C1003AE3FE /* 03d.png in Resources */ = {isa = PBXBuildFile; fileRef = 62D678A31BE2C5C1003AE3FE /* 03d.png */; };
		62D678B61BE2C5C1003AE3FE /* 03n.png in Resources */ = {isa = PBXBuildFile; fileRef = 62D678A41BE2C5C1003AE3FE /* 03n.png */; };
		62D678B71BE2C5C1003AE3FE /* 04d.png in Resources */ = {isa = PBXBuildFile; fileRef = 62D678A51BE2C5C1003AE3FE /* 04d.png */; };
		62D678B81BE2C5C1003AE3FE /* 04n.png in Resources */ = {isa = PBXBuildFile; fileRef = 62D678A61BE2C5C1003AE3FE /* 04n.png */; };
		62D678B91BE2C5C1003AE3FE /* 09d.png in Resources */ = {isa = PBXBuildFile; fileRef = 62D678A71BE2C5C1003AE3FE /* 09d.png */; };
		62D678BA1BE2C5C1003AE3FE /* 09n.png in Resources */ = {isa = PBXBuildFile; fileRef = 62D678A81BE2C5C1003AE3FE /* 09n.png */; };
		62D678BB1BE2C5C1003AE3FE /* 10d.png in Resources */ = {isa = PBXBuildFile; fileRef = 62D678A91BE2C5C1003AE3FE /* 10d.png */; };
		62D678BC1BE2C5C1003AE3FE /* 10n.png in Resources */ = {isa = PBXBuildFile; fileRef = 62D678AA1BE2C5C1003AE3FE /* 10n.png */; };
		62D678BD1BE2C5C1003AE3FE /* 11d.png in Resources */ = {isa = PBXBuildFile; fileRef = 62D678AB1BE2C5C1003AE3FE /* 11d.png */; };
		62D678BE1BE2C5C1003AE3FE /* 11n.png in Resources */ = {isa = PBXBuildFile; fileRef = 62D678AC1BE2C5C1003AE3FE /* 11n.png */; };
		62D678BF1BE2C5C1003AE3FE /* 13d.png in Resources */ = {isa = PBXBuildFile; fileRef = 62D678AD1BE2C5C1003AE3FE /* 13d.png */; };
		62D678C01BE2C5C1003AE3FE /* 13n.png in Resources */ = {isa = PBXBuildFile; fileRef = 62D678AE1BE2C5C1003AE3FE /* 13n.png */; };
		62D678C11BE2C5C1003AE3FE /* 50d.png in Resources */ = {isa = PBXBuildFile; fileRef = 62D678AF1BE2C5C1003AE3FE /* 50d.png */; };
		62D678C21BE2C5C1003AE3FE /* 50n.png in Resources */ = {isa = PBXBuildFile; fileRef = 62D678B01BE2C5C1003AE3FE /* 50n.png */; };
/* End PBXBuildFile section */

/* Begin PBXContainerItemProxy section */
		623832BC1BDFDCB800615520 /* PBXContainerItemProxy */ = {
			isa = PBXContainerItemProxy;
			containerPortal = 6238329F1BDFDCB800615520 /* Project object */;
			proxyType = 1;
			remoteGlobalIDString = 623832A61BDFDCB800615520;
			remoteInfo = Weather;
		};
/* End PBXContainerItemProxy section */

/* Begin PBXFileReference section */
		623832A71BDFDCB800615520 /* Weather.app */ = {isa = PBXFileReference; explicitFileType = wrapper.application; includeInIndex = 0; path = Weather.app; sourceTree = BUILT_PRODUCTS_DIR; };
		623832AA1BDFDCB800615520 /* AppDelegate.swift */ = {isa = PBXFileReference; lastKnownFileType = sourcecode.swift; name = AppDelegate.swift; path = Weather/AppDelegate.swift; sourceTree = "<group>"; };
		623832AC1BDFDCB800615520 /* WeatherViewController.swift */ = {isa = PBXFileReference; lastKnownFileType = sourcecode.swift; path = WeatherViewController.swift; sourceTree = "<group>"; };
		623832AF1BDFDCB800615520 /* Base */ = {isa = PBXFileReference; lastKnownFileType = file.storyboard; name = Base; path = Base.lproj/Main.storyboard; sourceTree = "<group>"; };
		623832B11BDFDCB800615520 /* Assets.xcassets */ = {isa = PBXFileReference; lastKnownFileType = folder.assetcatalog; path = Assets.xcassets; sourceTree = "<group>"; };
		623832B41BDFDCB800615520 /* Base */ = {isa = PBXFileReference; lastKnownFileType = file.storyboard; name = Base; path = Base.lproj/LaunchScreen.storyboard; sourceTree = "<group>"; };
		623832B61BDFDCB800615520 /* Info.plist */ = {isa = PBXFileReference; lastKnownFileType = text.plist.xml; path = Info.plist; sourceTree = "<group>"; };
		623832BB1BDFDCB800615520 /* WeatherTests.xctest */ = {isa = PBXFileReference; explicitFileType = wrapper.cfbundle; includeInIndex = 0; path = WeatherTests.xctest; sourceTree = BUILT_PRODUCTS_DIR; };
		623832BF1BDFDCB800615520 /* WeatherTests.swift */ = {isa = PBXFileReference; lastKnownFileType = sourcecode.swift; path = WeatherTests.swift; sourceTree = "<group>"; };
		623832C11BDFDCB800615520 /* Info.plist */ = {isa = PBXFileReference; lastKnownFileType = text.plist.xml; path = Info.plist; sourceTree = "<group>"; };
		623832CA1BDFE42800615520 /* Model.swift */ = {isa = PBXFileReference; fileEncoding = 4; lastKnownFileType = sourcecode.swift; path = Model.swift; sourceTree = "<group>"; };
		623832CF1BDFE65400615520 /* City.swift */ = {isa = PBXFileReference; fileEncoding = 4; lastKnownFileType = sourcecode.swift; path = City.swift; sourceTree = "<group>"; };
		623832D51BDFEABF00615520 /* CityTableViewController.swift */ = {isa = PBXFileReference; fileEncoding = 4; lastKnownFileType = sourcecode.swift; path = CityTableViewController.swift; sourceTree = "<group>"; };
		623832D71BDFEAEB00615520 /* CityTableViewCell.swift */ = {isa = PBXFileReference; fileEncoding = 4; lastKnownFileType = sourcecode.swift; path = CityTableViewCell.swift; sourceTree = "<group>"; };
		623832D91BDFF2AB00615520 /* LocationManagerSingleton.swift */ = {isa = PBXFileReference; fileEncoding = 4; lastKnownFileType = sourcecode.swift; path = LocationManagerSingleton.swift; sourceTree = "<group>"; };
		6260CC8A1BE328A300A3030E /* weatherTracker.jpg */ = {isa = PBXFileReference; lastKnownFileType = image.jpeg; path = weatherTracker.jpg; sourceTree = "<group>"; };
		6260CC8C1BE32AA800A3030E /* weatherTrackerCopyright.jpg */ = {isa = PBXFileReference; lastKnownFileType = image.jpeg; path = weatherTrackerCopyright.jpg; sourceTree = "<group>"; };
		6260CC8F1BE3326A00A3030E /* Default-568h@2x.png */ = {isa = PBXFileReference; lastKnownFileType = image.png; path = "Default-568h@2x.png"; sourceTree = "<group>"; };
		6260CC901BE3326A00A3030E /* Default-667h@2x.png */ = {isa = PBXFileReference; lastKnownFileType = image.png; path = "Default-667h@2x.png"; sourceTree = "<group>"; };
		6260CC911BE3326A00A3030E /* Default-Landscape-736h@3x.png */ = {isa = PBXFileReference; lastKnownFileType = image.png; path = "Default-Landscape-736h@3x.png"; sourceTree = "<group>"; };
		6260CC921BE3326A00A3030E /* Default-Landscape.png */ = {isa = PBXFileReference; lastKnownFileType = image.png; path = "Default-Landscape.png"; sourceTree = "<group>"; };
		6260CC931BE3326A00A3030E /* Default-Landscape@2x.png */ = {isa = PBXFileReference; lastKnownFileType = image.png; path = "Default-Landscape@2x.png"; sourceTree = "<group>"; };
		6260CC941BE3326A00A3030E /* Default-Portrait-736h@3x.png */ = {isa = PBXFileReference; lastKnownFileType = image.png; path = "Default-Portrait-736h@3x.png"; sourceTree = "<group>"; };
		6260CC951BE3326A00A3030E /* Default-Portrait.png */ = {isa = PBXFileReference; lastKnownFileType = image.png; path = "Default-Portrait.png"; sourceTree = "<group>"; };
		6260CC961BE3326A00A3030E /* Default-Portrait@2x.png */ = {isa = PBXFileReference; lastKnownFileType = image.png; path = "Default-Portrait@2x.png"; sourceTree = "<group>"; };
		6260CC971BE3326A00A3030E /* Default@2x.png */ = {isa = PBXFileReference; lastKnownFileType = image.png; path = "Default@2x.png"; sourceTree = "<group>"; };
		6277017E1BE2FF9F009F84D3 /* clouds.jpg */ = {isa = PBXFileReference; lastKnownFileType = image.jpeg; path = clouds.jpg; sourceTree = "<group>"; };
		6290080F1BE07CE4002208D0 /* OpenWeatherMap.swift */ = {isa = PBXFileReference; fileEncoding = 4; lastKnownFileType = sourcecode.swift; path = OpenWeatherMap.swift; sourceTree = "<group>"; };
		62D678971BE1701E003AE3FE /* StringExtension.swift */ = {isa = PBXFileReference; fileEncoding = 4; lastKnownFileType = sourcecode.swift; path = StringExtension.swift; sourceTree = "<group>"; };
		62D6789D1BE2A0FA003AE3FE /* SearchCities.swift */ = {isa = PBXFileReference; fileEncoding = 4; lastKnownFileType = sourcecode.swift; path = SearchCities.swift; sourceTree = "<group>"; };
		62D6789F1BE2C5C1003AE3FE /* 01d.png */ = {isa = PBXFileReference; lastKnownFileType = image.png; path = 01d.png; sourceTree = "<group>"; };
		62D678A01BE2C5C1003AE3FE /* 01n.png */ = {isa = PBXFileReference; lastKnownFileType = image.png; path = 01n.png; sourceTree = "<group>"; };
		62D678A11BE2C5C1003AE3FE /* 02d.png */ = {isa = PBXFileReference; lastKnownFileType = image.png; path = 02d.png; sourceTree = "<group>"; };
		62D678A21BE2C5C1003AE3FE /* 02n.png */ = {isa = PBXFileReference; lastKnownFileType = image.png; path = 02n.png; sourceTree = "<group>"; };
		62D678A31BE2C5C1003AE3FE /* 03d.png */ = {isa = PBXFileReference; lastKnownFileType = image.png; path = 03d.png; sourceTree = "<group>"; };
		62D678A41BE2C5C1003AE3FE /* 03n.png */ = {isa = PBXFileReference; lastKnownFileType = image.png; path = 03n.png; sourceTree = "<group>"; };
		62D678A51BE2C5C1003AE3FE /* 04d.png */ = {isa = PBXFileReference; lastKnownFileType = image.png; path = 04d.png; sourceTree = "<group>"; };
		62D678A61BE2C5C1003AE3FE /* 04n.png */ = {isa = PBXFileReference; lastKnownFileType = image.png; path = 04n.png; sourceTree = "<group>"; };
		62D678A71BE2C5C1003AE3FE /* 09d.png */ = {isa = PBXFileReference; lastKnownFileType = image.png; path = 09d.png; sourceTree = "<group>"; };
		62D678A81BE2C5C1003AE3FE /* 09n.png */ = {isa = PBXFileReference; lastKnownFileType = image.png; path = 09n.png; sourceTree = "<group>"; };
		62D678A91BE2C5C1003AE3FE /* 10d.png */ = {isa = PBXFileReference; lastKnownFileType = image.png; path = 10d.png; sourceTree = "<group>"; };
		62D678AA1BE2C5C1003AE3FE /* 10n.png */ = {isa = PBXFileReference; lastKnownFileType = image.png; path = 10n.png; sourceTree = "<group>"; };
		62D678AB1BE2C5C1003AE3FE /* 11d.png */ = {isa = PBXFileReference; lastKnownFileType = image.png; path = 11d.png; sourceTree = "<group>"; };
		62D678AC1BE2C5C1003AE3FE /* 11n.png */ = {isa = PBXFileReference; lastKnownFileType = image.png; path = 11n.png; sourceTree = "<group>"; };
		62D678AD1BE2C5C1003AE3FE /* 13d.png */ = {isa = PBXFileReference; lastKnownFileType = image.png; path = 13d.png; sourceTree = "<group>"; };
		62D678AE1BE2C5C1003AE3FE /* 13n.png */ = {isa = PBXFileReference; lastKnownFileType = image.png; path = 13n.png; sourceTree = "<group>"; };
		62D678AF1BE2C5C1003AE3FE /* 50d.png */ = {isa = PBXFileReference; lastKnownFileType = image.png; path = 50d.png; sourceTree = "<group>"; };
		62D678B01BE2C5C1003AE3FE /* 50n.png */ = {isa = PBXFileReference; lastKnownFileType = image.png; path = 50n.png; sourceTree = "<group>"; };
/* End PBXFileReference section */

/* Begin PBXFrameworksBuildPhase section */
		623832A41BDFDCB800615520 /* Frameworks */ = {
			isa = PBXFrameworksBuildPhase;
			buildActionMask = 2147483647;
			files = (
			);
			runOnlyForDeploymentPostprocessing = 0;
		};
		623832B81BDFDCB800615520 /* Frameworks */ = {
			isa = PBXFrameworksBuildPhase;
			buildActionMask = 2147483647;
			files = (
			);
			runOnlyForDeploymentPostprocessing = 0;
		};
/* End PBXFrameworksBuildPhase section */

/* Begin PBXGroup section */
		6238329E1BDFDCB800615520 = {
			isa = PBXGroup;
			children = (
				623832A91BDFDCB800615520 /* Weather */,
				623832AA1BDFDCB800615520 /* AppDelegate.swift */,
				623832BE1BDFDCB800615520 /* WeatherTests */,
				623832A81BDFDCB800615520 /* Products */,
			);
			sourceTree = "<group>";
		};
		623832A81BDFDCB800615520 /* Products */ = {
			isa = PBXGroup;
			children = (
				623832A71BDFDCB800615520 /* Weather.app */,
				623832BB1BDFDCB800615520 /* WeatherTests.xctest */,
			);
			name = Products;
			sourceTree = "<group>";
		};
		623832A91BDFDCB800615520 /* Weather */ = {
			isa = PBXGroup;
			children = (
				623832CE1BDFE45400615520 /* View Controllers */,
				623832D31BDFEA0000615520 /* Classes */,
				623832CC1BDFE43300615520 /* Storyboards */,
				623832CD1BDFE44600615520 /* Assets */,
			);
			path = Weather;
			sourceTree = "<group>";
		};
		623832BE1BDFDCB800615520 /* WeatherTests */ = {
			isa = PBXGroup;
			children = (
				623832BF1BDFDCB800615520 /* WeatherTests.swift */,
				623832C11BDFDCB800615520 /* Info.plist */,
			);
			path = WeatherTests;
			sourceTree = "<group>";
		};
		623832CC1BDFE43300615520 /* Storyboards */ = {
			isa = PBXGroup;
			children = (
				623832AE1BDFDCB800615520 /* Main.storyboard */,
			);
			name = Storyboards;
			sourceTree = "<group>";
		};
		623832CD1BDFE44600615520 /* Assets */ = {
			isa = PBXGroup;
			children = (
				6260CC8E1BE3325800A3030E /* Splash Screens */,
				623832D41BDFEA1300615520 /* Images */,
				623832B11BDFDCB800615520 /* Assets.xcassets */,
				623832B31BDFDCB800615520 /* LaunchScreen.storyboard */,
				623832B61BDFDCB800615520 /* Info.plist */,
			);
			name = Assets;
			sourceTree = "<group>";
		};
		623832CE1BDFE45400615520 /* View Controllers */ = {
			isa = PBXGroup;
			children = (
				623832AC1BDFDCB800615520 /* WeatherViewController.swift */,
				623832D51BDFEABF00615520 /* CityTableViewController.swift */,
			);
			name = "View Controllers";
			sourceTree = "<group>";
		};
		623832D31BDFEA0000615520 /* Classes */ = {
			isa = PBXGroup;
			children = (
				623832CA1BDFE42800615520 /* Model.swift */,
				623832D91BDFF2AB00615520 /* LocationManagerSingleton.swift */,
				623832CF1BDFE65400615520 /* City.swift */,
				623832D71BDFEAEB00615520 /* CityTableViewCell.swift */,
				6290080F1BE07CE4002208D0 /* OpenWeatherMap.swift */,
				62D678971BE1701E003AE3FE /* StringExtension.swift */,
				62D6789D1BE2A0FA003AE3FE /* SearchCities.swift */,
			);
			name = Classes;
			sourceTree = "<group>";
		};
		623832D41BDFEA1300615520 /* Images */ = {
			isa = PBXGroup;
			children = (
				6277017E1BE2FF9F009F84D3 /* clouds.jpg */,
				6260CC8A1BE328A300A3030E /* weatherTracker.jpg */,
				6260CC8C1BE32AA800A3030E /* weatherTrackerCopyright.jpg */,
				62D6789F1BE2C5C1003AE3FE /* 01d.png */,
				62D678A01BE2C5C1003AE3FE /* 01n.png */,
				62D678A11BE2C5C1003AE3FE /* 02d.png */,
				62D678A21BE2C5C1003AE3FE /* 02n.png */,
				62D678A31BE2C5C1003AE3FE /* 03d.png */,
				62D678A41BE2C5C1003AE3FE /* 03n.png */,
				62D678A51BE2C5C1003AE3FE /* 04d.png */,
				62D678A61BE2C5C1003AE3FE /* 04n.png */,
				62D678A71BE2C5C1003AE3FE /* 09d.png */,
				62D678A81BE2C5C1003AE3FE /* 09n.png */,
				62D678A91BE2C5C1003AE3FE /* 10d.png */,
				62D678AA1BE2C5C1003AE3FE /* 10n.png */,
				62D678AB1BE2C5C1003AE3FE /* 11d.png */,
				62D678AC1BE2C5C1003AE3FE /* 11n.png */,
				62D678AD1BE2C5C1003AE3FE /* 13d.png */,
				62D678AE1BE2C5C1003AE3FE /* 13n.png */,
				62D678AF1BE2C5C1003AE3FE /* 50d.png */,
				62D678B01BE2C5C1003AE3FE /* 50n.png */,
			);
			name = Images;
			sourceTree = "<group>";
		};
		6260CC8E1BE3325800A3030E /* Splash Screens */ = {
			isa = PBXGroup;
			children = (
				6260CC8F1BE3326A00A3030E /* Default-568h@2x.png */,
				6260CC901BE3326A00A3030E /* Default-667h@2x.png */,
				6260CC911BE3326A00A3030E /* Default-Landscape-736h@3x.png */,
				6260CC921BE3326A00A3030E /* Default-Landscape.png */,
				6260CC931BE3326A00A3030E /* Default-Landscape@2x.png */,
				6260CC941BE3326A00A3030E /* Default-Portrait-736h@3x.png */,
				6260CC951BE3326A00A3030E /* Default-Portrait.png */,
				6260CC961BE3326A00A3030E /* Default-Portrait@2x.png */,
				6260CC971BE3326A00A3030E /* Default@2x.png */,
			);
			name = "Splash Screens";
			sourceTree = "<group>";
		};
/* End PBXGroup section */

/* Begin PBXNativeTarget section */
		623832A61BDFDCB800615520 /* Weather */ = {
			isa = PBXNativeTarget;
			buildConfigurationList = 623832C41BDFDCB800615520 /* Build configuration list for PBXNativeTarget "Weather" */;
			buildPhases = (
				623832A31BDFDCB800615520 /* Sources */,
				623832A41BDFDCB800615520 /* Frameworks */,
				623832A51BDFDCB800615520 /* Resources */,
			);
			buildRules = (
			);
			dependencies = (
			);
			name = Weather;
			productName = Weather;
			productReference = 623832A71BDFDCB800615520 /* Weather.app */;
			productType = "com.apple.product-type.application";
		};
		623832BA1BDFDCB800615520 /* WeatherTests */ = {
			isa = PBXNativeTarget;
			buildConfigurationList = 623832C71BDFDCB800615520 /* Build configuration list for PBXNativeTarget "WeatherTests" */;
			buildPhases = (
				623832B71BDFDCB800615520 /* Sources */,
				623832B81BDFDCB800615520 /* Frameworks */,
				623832B91BDFDCB800615520 /* Resources */,
			);
			buildRules = (
			);
			dependencies = (
				623832BD1BDFDCB800615520 /* PBXTargetDependency */,
			);
			name = WeatherTests;
			productName = WeatherTests;
			productReference = 623832BB1BDFDCB800615520 /* WeatherTests.xctest */;
			productType = "com.apple.product-type.bundle.unit-test";
		};
/* End PBXNativeTarget section */

/* Begin PBXProject section */
		6238329F1BDFDCB800615520 /* Project object */ = {
			isa = PBXProject;
			attributes = {
				LastUpgradeCheck = 0700;
				ORGANIZATIONNAME = "Kelly Hutchison";
				TargetAttributes = {
					623832A61BDFDCB800615520 = {
						CreatedOnToolsVersion = 7.0;
					};
					623832BA1BDFDCB800615520 = {
						CreatedOnToolsVersion = 7.0;
						TestTargetID = 623832A61BDFDCB800615520;
					};
				};
			};
			buildConfigurationList = 623832A21BDFDCB800615520 /* Build configuration list for PBXProject "Weather" */;
			compatibilityVersion = "Xcode 3.2";
			developmentRegion = English;
			hasScannedForEncodings = 0;
			knownRegions = (
				en,
				Base,
			);
			mainGroup = 6238329E1BDFDCB800615520;
			productRefGroup = 623832A81BDFDCB800615520 /* Products */;
			projectDirPath = "";
			projectRoot = "";
			targets = (
				623832A61BDFDCB800615520 /* Weather */,
				623832BA1BDFDCB800615520 /* WeatherTests */,
			);
		};
/* End PBXProject section */

/* Begin PBXResourcesBuildPhase section */
		623832A51BDFDCB800615520 /* Resources */ = {
			isa = PBXResourcesBuildPhase;
			buildActionMask = 2147483647;
			files = (
				62D678C01BE2C5C1003AE3FE /* 13n.png in Resources */,
				6260CC9C1BE3326A00A3030E /* Default-Landscape@2x.png in Resources */,
				62D678BD1BE2C5C1003AE3FE /* 11d.png in Resources */,
				62D678B71BE2C5C1003AE3FE /* 04d.png in Resources */,
				62D678C11BE2C5C1003AE3FE /* 50d.png in Resources */,
				62D678B31BE2C5C1003AE3FE /* 02d.png in Resources */,
				62D678B51BE2C5C1003AE3FE /* 03d.png in Resources */,
				62D678C21BE2C5C1003AE3FE /* 50n.png in Resources */,
				62D678B91BE2C5C1003AE3FE /* 09d.png in Resources */,
				623832B51BDFDCB800615520 /* LaunchScreen.storyboard in Resources */,
				62D678B61BE2C5C1003AE3FE /* 03n.png in Resources */,
				62D678B41BE2C5C1003AE3FE /* 02n.png in Resources */,
				62D678BE1BE2C5C1003AE3FE /* 11n.png in Resources */,
				62D678B21BE2C5C1003AE3FE /* 01n.png in Resources */,
				6260CC9B1BE3326A00A3030E /* Default-Landscape.png in Resources */,
				6277017F1BE2FF9F009F84D3 /* clouds.jpg in Resources */,
				62D678BA1BE2C5C1003AE3FE /* 09n.png in Resources */,
				6260CC991BE3326A00A3030E /* Default-667h@2x.png in Resources */,
				6260CC8B1BE328A300A3030E /* weatherTracker.jpg in Resources */,
				6260CC8D1BE32AA800A3030E /* weatherTrackerCopyright.jpg in Resources */,
				62D678BC1BE2C5C1003AE3FE /* 10n.png in Resources */,
				62D678BF1BE2C5C1003AE3FE /* 13d.png in Resources */,
				623832B21BDFDCB800615520 /* Assets.xcassets in Resources */,
				623832B01BDFDCB800615520 /* Main.storyboard in Resources */,
				62D678BB1BE2C5C1003AE3FE /* 10d.png in Resources */,
				6260CC9A1BE3326A00A3030E /* Default-Landscape-736h@3x.png in Resources */,
				6260CC9E1BE3326A00A3030E /* Default-Portrait.png in Resources */,
				6260CCA01BE3326A00A3030E /* Default@2x.png in Resources */,
				6260CC9F1BE3326A00A3030E /* Default-Portrait@2x.png in Resources */,
				6260CC9D1BE3326A00A3030E /* Default-Portrait-736h@3x.png in Resources */,
				62D678B11BE2C5C1003AE3FE /* 01d.png in Resources */,
				6260CC981BE3326A00A3030E /* Default-568h@2x.png in Resources */,
				62D678B81BE2C5C1003AE3FE /* 04n.png in Resources */,
			);
			runOnlyForDeploymentPostprocessing = 0;
		};
		623832B91BDFDCB800615520 /* Resources */ = {
			isa = PBXResourcesBuildPhase;
			buildActionMask = 2147483647;
			files = (
			);
			runOnlyForDeploymentPostprocessing = 0;
		};
/* End PBXResourcesBuildPhase section */

/* Begin PBXSourcesBuildPhase section */
		623832A31BDFDCB800615520 /* Sources */ = {
			isa = PBXSourcesBuildPhase;
			buildActionMask = 2147483647;
			files = (
				623832D81BDFEAEB00615520 /* CityTableViewCell.swift in Sources */,
				623832DA1BDFF2AB00615520 /* LocationManagerSingleton.swift in Sources */,
				62D6789E1BE2A0FA003AE3FE /* SearchCities.swift in Sources */,
				623832CB1BDFE42800615520 /* Model.swift in Sources */,
				623832AD1BDFDCB800615520 /* WeatherViewController.swift in Sources */,
				623832D61BDFEABF00615520 /* CityTableViewController.swift in Sources */,
				62D678981BE1701E003AE3FE /* StringExtension.swift in Sources */,
				623832D01BDFE65400615520 /* City.swift in Sources */,
				623832AB1BDFDCB800615520 /* AppDelegate.swift in Sources */,
				629008101BE07CE4002208D0 /* OpenWeatherMap.swift in Sources */,
			);
			runOnlyForDeploymentPostprocessing = 0;
		};
		623832B71BDFDCB800615520 /* Sources */ = {
			isa = PBXSourcesBuildPhase;
			buildActionMask = 2147483647;
			files = (
				623832C01BDFDCB800615520 /* WeatherTests.swift in Sources */,
			);
			runOnlyForDeploymentPostprocessing = 0;
		};
/* End PBXSourcesBuildPhase section */

/* Begin PBXTargetDependency section */
		623832BD1BDFDCB800615520 /* PBXTargetDependency */ = {
			isa = PBXTargetDependency;
			target = 623832A61BDFDCB800615520 /* Weather */;
			targetProxy = 623832BC1BDFDCB800615520 /* PBXContainerItemProxy */;
		};
/* End PBXTargetDependency section */

/* Begin PBXVariantGroup section */
		623832AE1BDFDCB800615520 /* Main.storyboard */ = {
			isa = PBXVariantGroup;
			children = (
				623832AF1BDFDCB800615520 /* Base */,
			);
			name = Main.storyboard;
			sourceTree = "<group>";
		};
		623832B31BDFDCB800615520 /* LaunchScreen.storyboard */ = {
			isa = PBXVariantGroup;
			children = (
				623832B41BDFDCB800615520 /* Base */,
			);
			name = LaunchScreen.storyboard;
			sourceTree = "<group>";
		};
/* End PBXVariantGroup section */

/* Begin XCBuildConfiguration section */
		623832C21BDFDCB800615520 /* Debug */ = {
			isa = XCBuildConfiguration;
			buildSettings = {
				ALWAYS_SEARCH_USER_PATHS = NO;
				CLANG_CXX_LANGUAGE_STANDARD = "gnu++0x";
				CLANG_CXX_LIBRARY = "libc++";
				CLANG_ENABLE_MODULES = YES;
				CLANG_ENABLE_OBJC_ARC = YES;
				CLANG_WARN_BOOL_CONVERSION = YES;
				CLANG_WARN_CONSTANT_CONVERSION = YES;
				CLANG_WARN_DIRECT_OBJC_ISA_USAGE = YES_ERROR;
				CLANG_WARN_EMPTY_BODY = YES;
				CLANG_WARN_ENUM_CONVERSION = YES;
				CLANG_WARN_INT_CONVERSION = YES;
				CLANG_WARN_OBJC_ROOT_CLASS = YES_ERROR;
				CLANG_WARN_UNREACHABLE_CODE = YES;
				CLANG_WARN__DUPLICATE_METHOD_MATCH = YES;
				"CODE_SIGN_IDENTITY[sdk=iphoneos*]" = "iPhone Developer";
				COPY_PHASE_STRIP = NO;
				DEBUG_INFORMATION_FORMAT = dwarf;
				ENABLE_STRICT_OBJC_MSGSEND = YES;
				ENABLE_TESTABILITY = YES;
				GCC_C_LANGUAGE_STANDARD = gnu99;
				GCC_DYNAMIC_NO_PIC = NO;
				GCC_NO_COMMON_BLOCKS = YES;
				GCC_OPTIMIZATION_LEVEL = 0;
				GCC_PREPROCESSOR_DEFINITIONS = (
					"DEBUG=1",
					"$(inherited)",
				);
				GCC_WARN_64_TO_32_BIT_CONVERSION = YES;
				GCC_WARN_ABOUT_RETURN_TYPE = YES_ERROR;
				GCC_WARN_UNDECLARED_SELECTOR = YES;
				GCC_WARN_UNINITIALIZED_AUTOS = YES_AGGRESSIVE;
				GCC_WARN_UNUSED_FUNCTION = YES;
				GCC_WARN_UNUSED_VARIABLE = YES;
				IPHONEOS_DEPLOYMENT_TARGET = 9.0;
				MTL_ENABLE_DEBUG_INFO = YES;
				ONLY_ACTIVE_ARCH = YES;
				SDKROOT = iphoneos;
				SWIFT_OPTIMIZATION_LEVEL = "-Onone";
				TARGETED_DEVICE_FAMILY = "1,2";
			};
			name = Debug;
		};
		623832C31BDFDCB800615520 /* Release */ = {
			isa = XCBuildConfiguration;
			buildSettings = {
				ALWAYS_SEARCH_USER_PATHS = NO;
				CLANG_CXX_LANGUAGE_STANDARD = "gnu++0x";
				CLANG_CXX_LIBRARY = "libc++";
				CLANG_ENABLE_MODULES = YES;
				CLANG_ENABLE_OBJC_ARC = YES;
				CLANG_WARN_BOOL_CONVERSION = YES;
				CLANG_WARN_CONSTANT_CONVERSION = YES;
				CLANG_WARN_DIRECT_OBJC_ISA_USAGE = YES_ERROR;
				CLANG_WARN_EMPTY_BODY = YES;
				CLANG_WARN_ENUM_CONVERSION = YES;
				CLANG_WARN_INT_CONVERSION = YES;
				CLANG_WARN_OBJC_ROOT_CLASS = YES_ERROR;
				CLANG_WARN_UNREACHABLE_CODE = YES;
				CLANG_WARN__DUPLICATE_METHOD_MATCH = YES;
				"CODE_SIGN_IDENTITY[sdk=iphoneos*]" = "iPhone Developer";
				COPY_PHASE_STRIP = NO;
				DEBUG_INFORMATION_FORMAT = "dwarf-with-dsym";
				ENABLE_NS_ASSERTIONS = NO;
				ENABLE_STRICT_OBJC_MSGSEND = YES;
				GCC_C_LANGUAGE_STANDARD = gnu99;
				GCC_NO_COMMON_BLOCKS = YES;
				GCC_WARN_64_TO_32_BIT_CONVERSION = YES;
				GCC_WARN_ABOUT_RETURN_TYPE = YES_ERROR;
				GCC_WARN_UNDECLARED_SELECTOR = YES;
				GCC_WARN_UNINITIALIZED_AUTOS = YES_AGGRESSIVE;
				GCC_WARN_UNUSED_FUNCTION = YES;
				GCC_WARN_UNUSED_VARIABLE = YES;
				IPHONEOS_DEPLOYMENT_TARGET = 9.0;
				MTL_ENABLE_DEBUG_INFO = NO;
				SDKROOT = iphoneos;
				TARGETED_DEVICE_FAMILY = "1,2";
				VALIDATE_PRODUCT = YES;
			};
			name = Release;
		};
		623832C51BDFDCB800615520 /* Debug */ = {
			isa = XCBuildConfiguration;
			buildSettings = {
				ASSETCATALOG_COMPILER_APPICON_NAME = AppIcon;
				INFOPLIST_FILE = Weather/Info.plist;
				LD_RUNPATH_SEARCH_PATHS = "$(inherited) @executable_path/Frameworks";
				PRODUCT_BUNDLE_IDENTIFIER = edu.psu.cse.kmh5754.Weather;
				PRODUCT_NAME = "$(TARGET_NAME)";
			};
			name = Debug;
		};
		623832C61BDFDCB800615520 /* Release */ = {
			isa = XCBuildConfiguration;
			buildSettings = {
				ASSETCATALOG_COMPILER_APPICON_NAME = AppIcon;
				INFOPLIST_FILE = Weather/Info.plist;
				LD_RUNPATH_SEARCH_PATHS = "$(inherited) @executable_path/Frameworks";
				PRODUCT_BUNDLE_IDENTIFIER = edu.psu.cse.kmh5754.Weather;
				PRODUCT_NAME = "$(TARGET_NAME)";
			};
			name = Release;
		};
		623832C81BDFDCB800615520 /* Debug */ = {
			isa = XCBuildConfiguration;
			buildSettings = {
				BUNDLE_LOADER = "$(TEST_HOST)";
				INFOPLIST_FILE = WeatherTests/Info.plist;
				LD_RUNPATH_SEARCH_PATHS = "$(inherited) @executable_path/Frameworks @loader_path/Frameworks";
				PRODUCT_BUNDLE_IDENTIFIER = edu.psu.cse.kmh5754.WeatherTests;
				PRODUCT_NAME = "$(TARGET_NAME)";
				TEST_HOST = "$(BUILT_PRODUCTS_DIR)/Weather.app/Weather";
			};
			name = Debug;
		};
		623832C91BDFDCB800615520 /* Release */ = {
			isa = XCBuildConfiguration;
			buildSettings = {
				BUNDLE_LOADER = "$(TEST_HOST)";
				INFOPLIST_FILE = WeatherTests/Info.plist;
				LD_RUNPATH_SEARCH_PATHS = "$(inherited) @executable_path/Frameworks @loader_path/Frameworks";
				PRODUCT_BUNDLE_IDENTIFIER = edu.psu.cse.kmh5754.WeatherTests;
				PRODUCT_NAME = "$(TARGET_NAME)";
				TEST_HOST = "$(BUILT_PRODUCTS_DIR)/Weather.app/Weather";
			};
			name = Release;
		};
/* End XCBuildConfiguration section */

/* Begin XCConfigurationList section */
		623832A21BDFDCB800615520 /* Build configuration list for PBXProject "Weather" */ = {
			isa = XCConfigurationList;
			buildConfigurations = (
				623832C21BDFDCB800615520 /* Debug */,
				623832C31BDFDCB800615520 /* Release */,
			);
			defaultConfigurationIsVisible = 0;
			defaultConfigurationName = Release;
		};
		623832C41BDFDCB800615520 /* Build configuration list for PBXNativeTarget "Weather" */ = {
			isa = XCConfigurationList;
			buildConfigurations = (
				623832C51BDFDCB800615520 /* Debug */,
				623832C61BDFDCB800615520 /* Release */,
			);
			defaultConfigurationIsVisible = 0;
			defaultConfigurationName = Release;
		};
		623832C71BDFDCB800615520 /* Build configuration list for PBXNativeTarget "WeatherTests" */ = {
			isa = XCConfigurationList;
			buildConfigurations = (
				623832C81BDFDCB800615520 /* Debug */,
				623832C91BDFDCB800615520 /* Release */,
			);
			defaultConfigurationIsVisible = 0;
			defaultConfigurationName = Release;
		};
/* End XCConfigurationList section */
	};
	rootObject = 6238329F1BDFDCB800615520 /* Project object */;
}
